// !$*UTF8*$!
{
	archiveVersion = 1;
	classes = {
	};
	objectVersion = 55;
	objects = {

/* Begin PBXBuildFile section */
		194182918872036ABD3EDC1D /* Pods_todolist.framework in Frameworks */ = {isa = PBXBuildFile; fileRef = 6FE79F92CAF018BB6BEF0AFB /* Pods_todolist.framework */; };
		1F195D15278DA7B300F14D07 /* Item.swift in Sources */ = {isa = PBXBuildFile; fileRef = 1F195D14278DA7B300F14D07 /* Item.swift */; };
		1F195D17278DA7BE00F14D07 /* Category.swift in Sources */ = {isa = PBXBuildFile; fileRef = 1F195D16278DA7BE00F14D07 /* Category.swift */; };
		1F3B476F275FC5F6003F0E66 /* AppDelegate.swift in Sources */ = {isa = PBXBuildFile; fileRef = 1F3B476E275FC5F6003F0E66 /* AppDelegate.swift */; };
		1F3B4771275FC5F6003F0E66 /* SceneDelegate.swift in Sources */ = {isa = PBXBuildFile; fileRef = 1F3B4770275FC5F6003F0E66 /* SceneDelegate.swift */; };
		1F3B4773275FC5F6003F0E66 /* ToDoListViewController.swift in Sources */ = {isa = PBXBuildFile; fileRef = 1F3B4772275FC5F6003F0E66 /* ToDoListViewController.swift */; };
		1F3B4776275FC5F6003F0E66 /* Main.storyboard in Resources */ = {isa = PBXBuildFile; fileRef = 1F3B4774275FC5F6003F0E66 /* Main.storyboard */; };
		1F3B477B275FC5FA003F0E66 /* LaunchScreen.storyboard in Resources */ = {isa = PBXBuildFile; fileRef = 1F3B4779275FC5FA003F0E66 /* LaunchScreen.storyboard */; };
		1F5FF8272790545100E0A1F9 /* SwipeTableViewController.swift in Sources */ = {isa = PBXBuildFile; fileRef = 1F5FF8262790545100E0A1F9 /* SwipeTableViewController.swift */; };
		1F6B6D63278C770D000800D2 /* CategoryTableViewController.swift in Sources */ = {isa = PBXBuildFile; fileRef = 1F6B6D62278C770D000800D2 /* CategoryTableViewController.swift */; };
/* End PBXBuildFile section */

/* Begin PBXFileReference section */
		1F195D14278DA7B300F14D07 /* Item.swift */ = {isa = PBXFileReference; lastKnownFileType = sourcecode.swift; path = Item.swift; sourceTree = "<group>"; };
		1F195D16278DA7BE00F14D07 /* Category.swift */ = {isa = PBXFileReference; lastKnownFileType = sourcecode.swift; path = Category.swift; sourceTree = "<group>"; };
		1F3B476B275FC5F6003F0E66 /* todolist.app */ = {isa = PBXFileReference; explicitFileType = wrapper.application; includeInIndex = 0; path = todolist.app; sourceTree = BUILT_PRODUCTS_DIR; };
		1F3B476E275FC5F6003F0E66 /* AppDelegate.swift */ = {isa = PBXFileReference; lastKnownFileType = sourcecode.swift; path = AppDelegate.swift; sourceTree = "<group>"; };
		1F3B4770275FC5F6003F0E66 /* SceneDelegate.swift */ = {isa = PBXFileReference; lastKnownFileType = sourcecode.swift; path = SceneDelegate.swift; sourceTree = "<group>"; };
		1F3B4772275FC5F6003F0E66 /* ToDoListViewController.swift */ = {isa = PBXFileReference; lastKnownFileType = sourcecode.swift; path = ToDoListViewController.swift; sourceTree = "<group>"; };
		1F3B4775275FC5F6003F0E66 /* Base */ = {isa = PBXFileReference; lastKnownFileType = file.storyboard; name = Base; path = Base.lproj/Main.storyboard; sourceTree = "<group>"; };
		1F3B477A275FC5FA003F0E66 /* Base */ = {isa = PBXFileReference; lastKnownFileType = file.storyboard; name = Base; path = Base.lproj/LaunchScreen.storyboard; sourceTree = "<group>"; };
		1F3B477C275FC5FA003F0E66 /* Info.plist */ = {isa = PBXFileReference; lastKnownFileType = text.plist.xml; path = Info.plist; sourceTree = "<group>"; };
		1F5FF8242790365000E0A1F9 /* Assets.xcassets */ = {isa = PBXFileReference; lastKnownFileType = folder.assetcatalog; name = Assets.xcassets; path = /Users/aleksandr/Desktop/Development/todolist/todolist/Assets.xcassets; sourceTree = "<absolute>"; };
		1F5FF8262790545100E0A1F9 /* SwipeTableViewController.swift */ = {isa = PBXFileReference; lastKnownFileType = sourcecode.swift; path = SwipeTableViewController.swift; sourceTree = "<group>"; };
		1F6B6D62278C770D000800D2 /* CategoryTableViewController.swift */ = {isa = PBXFileReference; lastKnownFileType = sourcecode.swift; path = CategoryTableViewController.swift; sourceTree = "<group>"; };
		2C8E7B8599699E4DF61435A2 /* Pods-todolist.release.xcconfig */ = {isa = PBXFileReference; includeInIndex = 1; lastKnownFileType = text.xcconfig; name = "Pods-todolist.release.xcconfig"; path = "Target Support Files/Pods-todolist/Pods-todolist.release.xcconfig"; sourceTree = "<group>"; };
		6FE79F92CAF018BB6BEF0AFB /* Pods_todolist.framework */ = {isa = PBXFileReference; explicitFileType = wrapper.framework; includeInIndex = 0; path = Pods_todolist.framework; sourceTree = BUILT_PRODUCTS_DIR; };
		96E5478668C01A95F1A363EF /* Pods-todolist.debug.xcconfig */ = {isa = PBXFileReference; includeInIndex = 1; lastKnownFileType = text.xcconfig; name = "Pods-todolist.debug.xcconfig"; path = "Target Support Files/Pods-todolist/Pods-todolist.debug.xcconfig"; sourceTree = "<group>"; };
/* End PBXFileReference section */

/* Begin PBXFrameworksBuildPhase section */
		1F3B4768275FC5F6003F0E66 /* Frameworks */ = {
			isa = PBXFrameworksBuildPhase;
			buildActionMask = 2147483647;
			files = (
				194182918872036ABD3EDC1D /* Pods_todolist.framework in Frameworks */,
			);
			runOnlyForDeploymentPostprocessing = 0;
		};
/* End PBXFrameworksBuildPhase section */

/* Begin PBXGroup section */
		1F3B4762275FC5F6003F0E66 = {
			isa = PBXGroup;
			children = (
				1F3B476D275FC5F6003F0E66 /* todolist */,
				1F3B476C275FC5F6003F0E66 /* Products */,
				7D742EF078E3661BC976EFAB /* Pods */,
				808DBA3C15325ACA5A0C9FEB /* Frameworks */,
			);
			sourceTree = "<group>";
		};
		1F3B476C275FC5F6003F0E66 /* Products */ = {
			isa = PBXGroup;
			children = (
				1F3B476B275FC5F6003F0E66 /* todolist.app */,
			);
			name = Products;
			sourceTree = "<group>";
		};
		1F3B476D275FC5F6003F0E66 /* todolist */ = {
			isa = PBXGroup;
			children = (
				1F3B476E275FC5F6003F0E66 /* AppDelegate.swift */,
				1F3B4770275FC5F6003F0E66 /* SceneDelegate.swift */,
				1F3D6A1D27665EF7004E62E0 /* Controllers */,
				1F3D6A1C27665EE8004E62E0 /* DataModel */,
				1F3D6A1E27665F11004E62E0 /* View */,
				1F5FF8252790366400E0A1F9 /* Supporting files */,
				1F3B477C275FC5FA003F0E66 /* Info.plist */,
			);
			path = todolist;
			sourceTree = "<group>";
		};
		1F3D6A1C27665EE8004E62E0 /* DataModel */ = {
			isa = PBXGroup;
			children = (
				1F195D16278DA7BE00F14D07 /* Category.swift */,
				1F195D14278DA7B300F14D07 /* Item.swift */,
			);
			path = DataModel;
			sourceTree = "<group>";
		};
		1F3D6A1D27665EF7004E62E0 /* Controllers */ = {
			isa = PBXGroup;
			children = (
				1F6B6D62278C770D000800D2 /* CategoryTableViewController.swift */,
				1F5FF8262790545100E0A1F9 /* SwipeTableViewController.swift */,
				1F3B4772275FC5F6003F0E66 /* ToDoListViewController.swift */,
			);
			path = Controllers;
			sourceTree = "<group>";
		};
		1F3D6A1E27665F11004E62E0 /* View */ = {
			isa = PBXGroup;
			children = (
				1F3B4774275FC5F6003F0E66 /* Main.storyboard */,
			);
			path = View;
			sourceTree = "<group>";
		};
		1F5FF8252790366400E0A1F9 /* Supporting files */ = {
			isa = PBXGroup;
			children = (
				1F3B4779275FC5FA003F0E66 /* LaunchScreen.storyboard */,
				1F5FF8242790365000E0A1F9 /* Assets.xcassets */,
			);
			path = "Supporting files";
			sourceTree = "<group>";
		};
		7D742EF078E3661BC976EFAB /* Pods */ = {
			isa = PBXGroup;
			children = (
				96E5478668C01A95F1A363EF /* Pods-todolist.debug.xcconfig */,
				2C8E7B8599699E4DF61435A2 /* Pods-todolist.release.xcconfig */,
			);
			path = Pods;
			sourceTree = "<group>";
		};
		808DBA3C15325ACA5A0C9FEB /* Frameworks */ = {
			isa = PBXGroup;
			children = (
				6FE79F92CAF018BB6BEF0AFB /* Pods_todolist.framework */,
			);
			name = Frameworks;
			sourceTree = "<group>";
		};
/* End PBXGroup section */

/* Begin PBXNativeTarget section */
		1F3B476A275FC5F6003F0E66 /* todolist */ = {
			isa = PBXNativeTarget;
			buildConfigurationList = 1F3B477F275FC5FA003F0E66 /* Build configuration list for PBXNativeTarget "todolist" */;
			buildPhases = (
				7EB8754E4A426CF5F1787930 /* [CP] Check Pods Manifest.lock */,
				1F3B4767275FC5F6003F0E66 /* Sources */,
				1F3B4768275FC5F6003F0E66 /* Frameworks */,
				1F3B4769275FC5F6003F0E66 /* Resources */,
				2D2969936C07175F6178E522 /* [CP] Embed Pods Frameworks */,
			);
			buildRules = (
			);
			dependencies = (
			);
			name = todolist;
			productName = todolist;
			productReference = 1F3B476B275FC5F6003F0E66 /* todolist.app */;
			productType = "com.apple.product-type.application";
		};
/* End PBXNativeTarget section */

/* Begin PBXProject section */
		1F3B4763275FC5F6003F0E66 /* Project object */ = {
			isa = PBXProject;
			attributes = {
				BuildIndependentTargetsInParallel = 1;
				LastSwiftUpdateCheck = 1310;
				LastUpgradeCheck = 1310;
				TargetAttributes = {
					1F3B476A275FC5F6003F0E66 = {
						CreatedOnToolsVersion = 13.1;
					};
				};
			};
			buildConfigurationList = 1F3B4766275FC5F6003F0E66 /* Build configuration list for PBXProject "todolist" */;
			compatibilityVersion = "Xcode 13.0";
			developmentRegion = en;
			hasScannedForEncodings = 0;
			knownRegions = (
				en,
				Base,
			);
			mainGroup = 1F3B4762275FC5F6003F0E66;
			productRefGroup = 1F3B476C275FC5F6003F0E66 /* Products */;
			projectDirPath = "";
			projectRoot = "";
			targets = (
				1F3B476A275FC5F6003F0E66 /* todolist */,
			);
		};
/* End PBXProject section */

/* Begin PBXResourcesBuildPhase section */
		1F3B4769275FC5F6003F0E66 /* Resources */ = {
			isa = PBXResourcesBuildPhase;
			buildActionMask = 2147483647;
			files = (
				1F3B477B275FC5FA003F0E66 /* LaunchScreen.storyboard in Resources */,
				1F3B4776275FC5F6003F0E66 /* Main.storyboard in Resources */,
			);
			runOnlyForDeploymentPostprocessing = 0;
		};
/* End PBXResourcesBuildPhase section */

/* Begin PBXShellScriptBuildPhase section */
		2D2969936C07175F6178E522 /* [CP] Embed Pods Frameworks */ = {
			isa = PBXShellScriptBuildPhase;
			buildActionMask = 2147483647;
			files = (
			);
			inputFileListPaths = (
				"${PODS_ROOT}/Target Support Files/Pods-todolist/Pods-todolist-frameworks-${CONFIGURATION}-input-files.xcfilelist",
			);
			name = "[CP] Embed Pods Frameworks";
			outputFileListPaths = (
				"${PODS_ROOT}/Target Support Files/Pods-todolist/Pods-todolist-frameworks-${CONFIGURATION}-output-files.xcfilelist",
			);
			runOnlyForDeploymentPostprocessing = 0;
			shellPath = /bin/sh;
			shellScript = "\"${PODS_ROOT}/Target Support Files/Pods-todolist/Pods-todolist-frameworks.sh\"\n";
			showEnvVarsInLog = 0;
		};
		7EB8754E4A426CF5F1787930 /* [CP] Check Pods Manifest.lock */ = {
			isa = PBXShellScriptBuildPhase;
			buildActionMask = 2147483647;
			files = (
			);
			inputFileListPaths = (
			);
			inputPaths = (
				"${PODS_PODFILE_DIR_PATH}/Podfile.lock",
				"${PODS_ROOT}/Manifest.lock",
			);
			name = "[CP] Check Pods Manifest.lock";
			outputFileListPaths = (
			);
			outputPaths = (
				"$(DERIVED_FILE_DIR)/Pods-todolist-checkManifestLockResult.txt",
			);
			runOnlyForDeploymentPostprocessing = 0;
			shellPath = /bin/sh;
			shellScript = "diff \"${PODS_PODFILE_DIR_PATH}/Podfile.lock\" \"${PODS_ROOT}/Manifest.lock\" > /dev/null\nif [ $? != 0 ] ; then\n    # print error to STDERR\n    echo \"error: The sandbox is not in sync with the Podfile.lock. Run 'pod install' or update your CocoaPods installation.\" >&2\n    exit 1\nfi\n# This output is used by Xcode 'outputs' to avoid re-running this script phase.\necho \"SUCCESS\" > \"${SCRIPT_OUTPUT_FILE_0}\"\n";
			showEnvVarsInLog = 0;
		};
/* End PBXShellScriptBuildPhase section */

/* Begin PBXSourcesBuildPhase section */
		1F3B4767275FC5F6003F0E66 /* Sources */ = {
			isa = PBXSourcesBuildPhase;
			buildActionMask = 2147483647;
			files = (
				1F3B4773275FC5F6003F0E66 /* ToDoListViewController.swift in Sources */,
				1F6B6D63278C770D000800D2 /* CategoryTableViewController.swift in Sources */,
				1F3B476F275FC5F6003F0E66 /* AppDelegate.swift in Sources */,
				1F5FF8272790545100E0A1F9 /* SwipeTableViewController.swift in Sources */,
				1F195D15278DA7B300F14D07 /* Item.swift in Sources */,
				1F3B4771275FC5F6003F0E66 /* SceneDelegate.swift in Sources */,
				1F195D17278DA7BE00F14D07 /* Category.swift in Sources */,
			);
			runOnlyForDeploymentPostprocessing = 0;
		};
/* End PBXSourcesBuildPhase section */

/* Begin PBXVariantGroup section */
		1F3B4774275FC5F6003F0E66 /* Main.storyboard */ = {
			isa = PBXVariantGroup;
			children = (
				1F3B4775275FC5F6003F0E66 /* Base */,
			);
			name = Main.storyboard;
			sourceTree = "<group>";
		};
		1F3B4779275FC5FA003F0E66 /* LaunchScreen.storyboard */ = {
			isa = PBXVariantGroup;
			children = (
				1F3B477A275FC5FA003F0E66 /* Base */,
			);
			name = LaunchScreen.storyboard;
			sourceTree = "<group>";
		};
/* End PBXVariantGroup section */

/* Begin XCBuildConfiguration section */
		1F3B477D275FC5FA003F0E66 /* Debug */ = {
			isa = XCBuildConfiguration;
			buildSettings = {
				ALWAYS_SEARCH_USER_PATHS = NO;
				CLANG_ANALYZER_NONNULL = YES;
				CLANG_ANALYZER_NUMBER_OBJECT_CONVERSION = YES_AGGRESSIVE;
				CLANG_CXX_LANGUAGE_STANDARD = "gnu++17";
				CLANG_CXX_LIBRARY = "libc++";
				CLANG_ENABLE_MODULES = YES;
				CLANG_ENABLE_OBJC_ARC = YES;
				CLANG_ENABLE_OBJC_WEAK = YES;
				CLANG_WARN_BLOCK_CAPTURE_AUTORELEASING = YES;
				CLANG_WARN_BOOL_CONVERSION = YES;
				CLANG_WARN_COMMA = YES;
				CLANG_WARN_CONSTANT_CONVERSION = YES;
				CLANG_WARN_DEPRECATED_OBJC_IMPLEMENTATIONS = YES;
				CLANG_WARN_DIRECT_OBJC_ISA_USAGE = YES_ERROR;
				CLANG_WARN_DOCUMENTATION_COMMENTS = YES;
				CLANG_WARN_EMPTY_BODY = YES;
				CLANG_WARN_ENUM_CONVERSION = YES;
				CLANG_WARN_INFINITE_RECURSION = YES;
				CLANG_WARN_INT_CONVERSION = YES;
				CLANG_WARN_NON_LITERAL_NULL_CONVERSION = YES;
				CLANG_WARN_OBJC_IMPLICIT_RETAIN_SELF = YES;
				CLANG_WARN_OBJC_LITERAL_CONVERSION = YES;
				CLANG_WARN_OBJC_ROOT_CLASS = YES_ERROR;
				CLANG_WARN_QUOTED_INCLUDE_IN_FRAMEWORK_HEADER = YES;
				CLANG_WARN_RANGE_LOOP_ANALYSIS = YES;
				CLANG_WARN_STRICT_PROTOTYPES = YES;
				CLANG_WARN_SUSPICIOUS_MOVE = YES;
				CLANG_WARN_UNGUARDED_AVAILABILITY = YES_AGGRESSIVE;
				CLANG_WARN_UNREACHABLE_CODE = YES;
				CLANG_WARN__DUPLICATE_METHOD_MATCH = YES;
				COPY_PHASE_STRIP = NO;
				DEBUG_INFORMATION_FORMAT = dwarf;
				ENABLE_STRICT_OBJC_MSGSEND = YES;
				ENABLE_TESTABILITY = YES;
				GCC_C_LANGUAGE_STANDARD = gnu11;
				GCC_DYNAMIC_NO_PIC = NO;
				GCC_NO_COMMON_BLOCKS = YES;
				GCC_OPTIMIZATION_LEVEL = 0;
				GCC_PREPROCESSOR_DEFINITIONS = (
					"DEBUG=1",
					"$(inherited)",
				);
				GCC_WARN_64_TO_32_BIT_CONVERSION = YES;
				GCC_WARN_ABOUT_RETURN_TYPE = YES_ERROR;
				GCC_WARN_UNDECLARED_SELECTOR = YES;
				GCC_WARN_UNINITIALIZED_AUTOS = YES_AGGRESSIVE;
				GCC_WARN_UNUSED_FUNCTION = YES;
				GCC_WARN_UNUSED_VARIABLE = YES;
				IPHONEOS_DEPLOYMENT_TARGET = 15.0;
				MTL_ENABLE_DEBUG_INFO = INCLUDE_SOURCE;
				MTL_FAST_MATH = YES;
				ONLY_ACTIVE_ARCH = YES;
				SDKROOT = iphoneos;
				SWIFT_ACTIVE_COMPILATION_CONDITIONS = DEBUG;
				SWIFT_OPTIMIZATION_LEVEL = "-Onone";
			};
			name = Debug;
		};
		1F3B477E275FC5FA003F0E66 /* Release */ = {
			isa = XCBuildConfiguration;
			buildSettings = {
				ALWAYS_SEARCH_USER_PATHS = NO;
				CLANG_ANALYZER_NONNULL = YES;
				CLANG_ANALYZER_NUMBER_OBJECT_CONVERSION = YES_AGGRESSIVE;
				CLANG_CXX_LANGUAGE_STANDARD = "gnu++17";
				CLANG_CXX_LIBRARY = "libc++";
				CLANG_ENABLE_MODULES = YES;
				CLANG_ENABLE_OBJC_ARC = YES;
				CLANG_ENABLE_OBJC_WEAK = YES;
				CLANG_WARN_BLOCK_CAPTURE_AUTORELEASING = YES;
				CLANG_WARN_BOOL_CONVERSION = YES;
				CLANG_WARN_COMMA = YES;
				CLANG_WARN_CONSTANT_CONVERSION = YES;
				CLANG_WARN_DEPRECATED_OBJC_IMPLEMENTATIONS = YES;
				CLANG_WARN_DIRECT_OBJC_ISA_USAGE = YES_ERROR;
				CLANG_WARN_DOCUMENTATION_COMMENTS = YES;
				CLANG_WARN_EMPTY_BODY = YES;
				CLANG_WARN_ENUM_CONVERSION = YES;
				CLANG_WARN_INFINITE_RECURSION = YES;
				CLANG_WARN_INT_CONVERSION = YES;
				CLANG_WARN_NON_LITERAL_NULL_CONVERSION = YES;
				CLANG_WARN_OBJC_IMPLICIT_RETAIN_SELF = YES;
				CLANG_WARN_OBJC_LITERAL_CONVERSION = YES;
				CLANG_WARN_OBJC_ROOT_CLASS = YES_ERROR;
				CLANG_WARN_QUOTED_INCLUDE_IN_FRAMEWORK_HEADER = YES;
				CLANG_WARN_RANGE_LOOP_ANALYSIS = YES;
				CLANG_WARN_STRICT_PROTOTYPES = YES;
				CLANG_WARN_SUSPICIOUS_MOVE = YES;
				CLANG_WARN_UNGUARDED_AVAILABILITY = YES_AGGRESSIVE;
				CLANG_WARN_UNREACHABLE_CODE = YES;
				CLANG_WARN__DUPLICATE_METHOD_MATCH = YES;
				COPY_PHASE_STRIP = NO;
				DEBUG_INFORMATION_FORMAT = "dwarf-with-dsym";
				ENABLE_NS_ASSERTIONS = NO;
				ENABLE_STRICT_OBJC_MSGSEND = YES;
				GCC_C_LANGUAGE_STANDARD = gnu11;
				GCC_NO_COMMON_BLOCKS = YES;
				GCC_WARN_64_TO_32_BIT_CONVERSION = YES;
				GCC_WARN_ABOUT_RETURN_TYPE = YES_ERROR;
				GCC_WARN_UNDECLARED_SELECTOR = YES;
				GCC_WARN_UNINITIALIZED_AUTOS = YES_AGGRESSIVE;
				GCC_WARN_UNUSED_FUNCTION = YES;
				GCC_WARN_UNUSED_VARIABLE = YES;
				IPHONEOS_DEPLOYMENT_TARGET = 15.0;
				MTL_ENABLE_DEBUG_INFO = NO;
				MTL_FAST_MATH = YES;
				SDKROOT = iphoneos;
				SWIFT_COMPILATION_MODE = wholemodule;
				SWIFT_OPTIMIZATION_LEVEL = "-O";
				VALIDATE_PRODUCT = YES;
			};
			name = Release;
		};
		1F3B4780275FC5FA003F0E66 /* Debug */ = {
			isa = XCBuildConfiguration;
			baseConfigurationReference = 96E5478668C01A95F1A363EF /* Pods-todolist.debug.xcconfig */;
			buildSettings = {
				ASSETCATALOG_COMPILER_APPICON_NAME = AppIcon;
				ASSETCATALOG_COMPILER_GLOBAL_ACCENT_COLOR_NAME = AccentColor;
				CODE_SIGN_STYLE = Automatic;
				CURRENT_PROJECT_VERSION = 1;
				DEVELOPMENT_TEAM = 4YRG2TK8YU;
				GENERATE_INFOPLIST_FILE = YES;
				INFOPLIST_FILE = todolist/Info.plist;
				INFOPLIST_KEY_CFBundleDisplayName = "Things to do";
				INFOPLIST_KEY_UIApplicationSupportsIndirectInputEvents = YES;
				INFOPLIST_KEY_UILaunchStoryboardName = LaunchScreen;
				INFOPLIST_KEY_UIMainStoryboardFile = Main;
				INFOPLIST_KEY_UISupportedInterfaceOrientations_iPad = "UIInterfaceOrientationPortrait UIInterfaceOrientationPortraitUpsideDown UIInterfaceOrientationLandscapeLeft UIInterfaceOrientationLandscapeRight";
				INFOPLIST_KEY_UISupportedInterfaceOrientations_iPhone = "UIInterfaceOrientationPortrait UIInterfaceOrientationLandscapeLeft UIInterfaceOrientationLandscapeRight";
				LD_RUNPATH_SEARCH_PATHS = (
					"$(inherited)",
					"@executable_path/Frameworks",
				);
				MARKETING_VERSION = 1.0;
				PRODUCT_BUNDLE_IDENTIFIER = ru.alivart.todolist;
				PRODUCT_NAME = "$(TARGET_NAME)";
				SWIFT_EMIT_LOC_STRINGS = YES;
				SWIFT_VERSION = 5.0;
				TARGETED_DEVICE_FAMILY = "1,2";
			};
			name = Debug;
		};
		1F3B4781275FC5FA003F0E66 /* Release */ = {
			isa = XCBuildConfiguration;
			baseConfigurationReference = 2C8E7B8599699E4DF61435A2 /* Pods-todolist.release.xcconfig */;
			buildSettings = {
				ASSETCATALOG_COMPILER_APPICON_NAME = AppIcon;
				ASSETCATALOG_COMPILER_GLOBAL_ACCENT_COLOR_NAME = AccentColor;
				CODE_SIGN_STYLE = Automatic;
				CURRENT_PROJECT_VERSION = 1;
				DEVELOPMENT_TEAM = 4YRG2TK8YU;
				GENERATE_INFOPLIST_FILE = YES;
				INFOPLIST_FILE = todolist/Info.plist;
				INFOPLIST_KEY_CFBundleDisplayName = "Things to do";
				INFOPLIST_KEY_UIApplicationSupportsIndirectInputEvents = YES;
				INFOPLIST_KEY_UILaunchStoryboardName = LaunchScreen;
				INFOPLIST_KEY_UIMainStoryboardFile = Main;
				INFOPLIST_KEY_UISupportedInterfaceOrientations_iPad = "UIInterfaceOrientationPortrait UIInterfaceOrientationPortraitUpsideDown UIInterfaceOrientationLandscapeLeft UIInterfaceOrientationLandscapeRight";
				INFOPLIST_KEY_UISupportedInterfaceOrientations_iPhone = "UIInterfaceOrientationPortrait UIInterfaceOrientationLandscapeLeft UIInterfaceOrientationLandscapeRight";
				LD_RUNPATH_SEARCH_PATHS = (
					"$(inherited)",
					"@executable_path/Frameworks",
				);
				MARKETING_VERSION = 1.0;
				PRODUCT_BUNDLE_IDENTIFIER = ru.alivart.todolist;
				PRODUCT_NAME = "$(TARGET_NAME)";
				SWIFT_EMIT_LOC_STRINGS = YES;
				SWIFT_VERSION = 5.0;
				TARGETED_DEVICE_FAMILY = "1,2";
			};
			name = Release;
		};
/* End XCBuildConfiguration section */

/* Begin XCConfigurationList section */
		1F3B4766275FC5F6003F0E66 /* Build configuration list for PBXProject "todolist" */ = {
			isa = XCConfigurationList;
			buildConfigurations = (
				1F3B477D275FC5FA003F0E66 /* Debug */,
				1F3B477E275FC5FA003F0E66 /* Release */,
			);
			defaultConfigurationIsVisible = 0;
			defaultConfigurationName = Release;
		};
		1F3B477F275FC5FA003F0E66 /* Build configuration list for PBXNativeTarget "todolist" */ = {
			isa = XCConfigurationList;
			buildConfigurations = (
				1F3B4780275FC5FA003F0E66 /* Debug */,
				1F3B4781275FC5FA003F0E66 /* Release */,
			);
			defaultConfigurationIsVisible = 0;
			defaultConfigurationName = Release;
		};
/* End XCConfigurationList section */
	};
	rootObject = 1F3B4763275FC5F6003F0E66 /* Project object */;
}
